
Microsoft Visual Studio Solution File, Format Version 12.00
# Visual Studio 15
VisualStudioVersion = 15.0.28307.421
MinimumVisualStudioVersion = 10.0.40219.1
Project("{FAE04EC0-301F-11D3-BF4B-00C04F79EFBC}") = "WinFormsCalculator", "WinFormsCalculator\WinFormsCalculator.csproj", "{AF361B3A-809F-4E45-A7F6-ECDC4F99684F}"
EndProject
Global
	GlobalSection(SolutionConfigurationPlatforms) = preSolution
		Debug|Any CPU = Debug|Any CPU
		Release|Any CPU = Release|Any CPU
	EndGlobalSection
	GlobalSection(ProjectConfigurationPlatforms) = postSolution
		{AF361B3A-809F-4E45-A7F6-ECDC4F99684F}.Debug|Any CPU.ActiveCfg = Debug|Any CPU
		{AF361B3A-809F-4E45-A7F6-ECDC4F99684F}.Debug|Any CPU.Build.0 = Debug|Any CPU
		{AF361B3A-809F-4E45-A7F6-ECDC4F99684F}.Release|Any CPU.ActiveCfg = Release|Any CPU
		{AF361B3A-809F-4E45-A7F6-ECDC4F99684F}.Release|Any CPU.Build.0 = Release|Any CPU
	EndGlobalSection
	GlobalSection(SolutionProperties) = preSolution
		HideSolutionNode = FALSE
	EndGlobalSection
	GlobalSection(ExtensibilityGlobals) = postSolution
		SolutionGuid = {92B5D245-72F3-4EBB-87B5-DEACF9DBA6C0}
	EndGlobalSection
EndGlobal
